{
  "version": 4,
  "terraform_version": "1.14.3",
  "serial": 40,
  "lineage": "3a489862-8b78-8f60-77b5-7e878bbe8d15",
  "outputs": {
    "processed_bucket": {
      "value": "nyc-taxi-processed-818831377059",
      "type": "string"
    },
    "raw_bucket": {
      "value": "nyc-taxi-mlops-raw-data-818831377059",
      "type": "string"
    },
    "sagemaker_role_arn": {
      "value": "arn:aws:iam::818831377059:role/sagemaker_execution_role",
      "type": "string"
    }
  },
  "resources": [
    {
      "mode": "data",
      "type": "archive_file",
      "name": "approve_lambda_zip",
      "provider": "provider[\"registry.terraform.io/hashicorp/archive\"]",
      "instances": [
        {
          "schema_version": 0,
          "attributes": {
            "exclude_symlink_directories": null,
            "excludes": null,
            "id": "caa68f8f51eb4c7ee46653955266571d4908c112",
            "output_base64sha256": "H4KbCN8mP1pty0blv+hC+abaapkMFkCuI8taLHl0gbI=",
            "output_base64sha512": "WHjvFoHfQ7S7Bd5UdJ9FwUlyisQdxctVGujWAHJCeZSxJ6W34NNrZH8T8aV9ZOR7wauHy7wndx1WU7IOIDadNA==",
            "output_file_mode": null,
            "output_md5": "7d2a1dedcb88aabc8d1e6ddbb61ecd23",
            "output_path": "./approve_model.zip",
            "output_sha": "caa68f8f51eb4c7ee46653955266571d4908c112",
            "output_sha256": "1f829b08df263f5a6dcb46e5bfe842f9a6da6a990c1640ae23cb5a2c797481b2",
            "output_sha512": "5878ef1681df43b4bb05de54749f45c149728ac41dc5cb551ae8d60072427994b127a5b7e0d36b647f13f1a57d64e47bc1ab87cbbc27771d5653b20e20369d34",
            "output_size": 678,
            "source": [],
            "source_content": null,
            "source_content_filename": null,
            "source_dir": "./../lambdas/approve_model",
            "source_file": null,
            "type": "zip"
          },
          "sensitive_attributes": [],
          "identity_schema_version": 0
        }
      ]
    },
    {
      "mode": "data",
      "type": "archive_file",
      "name": "deploy_lambda_zip",
      "provider": "provider[\"registry.terraform.io/hashicorp/archive\"]",
      "instances": [
        {
          "schema_version": 0,
          "attributes": {
            "exclude_symlink_directories": null,
            "excludes": null,
            "id": "a096264482b9d04a9d960a84aaf6042e1523c0a7",
            "output_base64sha256": "N9KDIE8YezmvdJxGtswsSXwA/khrbZHfLlZgmv+jo/U=",
            "output_base64sha512": "IsvDKX46BAQOpe0uKEDy02VNVvY3fUqi/R6CKoiLjRK0tWN3VNTVzF8odrdCKz5Yaa1kiEnM110LRbldoG65AQ==",
            "output_file_mode": null,
            "output_md5": "98ee38ea0953de1133071d2a69d1506c",
            "output_path": "./trigger_deploy.zip",
            "output_sha": "a096264482b9d04a9d960a84aaf6042e1523c0a7",
            "output_sha256": "37d283204f187b39af749c46b6cc2c497c00fe486b6d91df2e56609affa3a3f5",
            "output_sha512": "22cbc3297e3a04040ea5ed2e2840f2d3654d56f6377d4aa2fd1e822a888b8d12b4b5637754d4d5cc5f2876b7422b3e5869ad648849ccd75d0b45b95da06eb901",
            "output_size": 584,
            "source": [],
            "source_content": null,
            "source_content_filename": null,
            "source_dir": "./../lambdas/trigger_deploy",
            "source_file": null,
            "type": "zip"
          },
          "sensitive_attributes": [],
          "identity_schema_version": 0
        }
      ]
    },
    {
      "mode": "data",
      "type": "archive_file",
      "name": "notify_lambda_zip",
      "provider": "provider[\"registry.terraform.io/hashicorp/archive\"]",
      "instances": [
        {
          "schema_version": 0,
          "attributes": {
            "exclude_symlink_directories": null,
            "excludes": null,
            "id": "e3bd4159d365254b171b2288308f4d46f46e5b2e",
            "output_base64sha256": "tKZYLSKhawe5r7BGM8iWP1aPDp+iFkduYUP9cASqNWQ=",
            "output_base64sha512": "SEk4T5UPjqSRPADv4g7YVsXVvfrkVVQ7+NpVqmKETDkDxXjRC/dr6C0lvVMOgNvu4j2f0pvbMCWr1i/vfSWrUA==",
            "output_file_mode": null,
            "output_md5": "9750d1760a969f8d555b742c95a793b6",
            "output_path": "./notify_model_status.zip",
            "output_sha": "e3bd4159d365254b171b2288308f4d46f46e5b2e",
            "output_sha256": "b4a6582d22a16b07b9afb04633c8963f568f0e9fa216476e6143fd7004aa3564",
            "output_sha512": "4849384f950f8ea4913c00efe20ed856c5d5bdfae455543bf8da55aa62844c3903c578d10bf76be82d25bd530e80dbeee23d9fd29bdb3025abd62fef7d25ab50",
            "output_size": 1379,
            "source": [],
            "source_content": null,
            "source_content_filename": null,
            "source_dir": "./../lambdas/notify_model_status",
            "source_file": null,
            "type": "zip"
          },
          "sensitive_attributes": [],
          "identity_schema_version": 0
        }
      ]
    },
    {
      "mode": "managed",
      "type": "aws_apigatewayv2_api",
      "name": "approval_api",
      "provider": "provider[\"registry.terraform.io/hashicorp/aws\"]",
      "instances": [
        {
          "schema_version": 0,
          "attributes": {
            "api_endpoint": "https://9jgh6yis64.execute-api.us-east-1.amazonaws.com",
            "api_key_selection_expression": "$request.header.x-api-key",
            "arn": "arn:aws:apigateway:us-east-1::/apis/9jgh6yis64",
            "body": null,
            "cors_configuration": [],
            "credentials_arn": null,
            "description": "",
            "disable_execute_api_endpoint": false,
            "execution_arn": "arn:aws:execute-api:us-east-1:818831377059:9jgh6yis64",
            "fail_on_warnings": null,
            "id": "9jgh6yis64",
            "ip_address_type": "ipv4",
            "name": "mlops-approval-api",
            "protocol_type": "HTTP",
            "region": "us-east-1",
            "route_key": null,
            "route_selection_expression": "$request.method $request.path",
            "tags": {},
            "tags_all": {},
            "target": null,
            "version": ""
          },
          "sensitive_attributes": [],
          "identity_schema_version": 0,
          "private": "bnVsbA=="
        }
      ]
    },
    {
      "mode": "managed",
      "type": "aws_apigatewayv2_integration",
      "name": "approve_lambda",
      "provider": "provider[\"registry.terraform.io/hashicorp/aws\"]",
      "instances": [
        {
          "schema_version": 0,
          "attributes": {
            "api_id": "9jgh6yis64",
            "connection_id": "",
            "connection_type": "INTERNET",
            "content_handling_strategy": "",
            "credentials_arn": "",
            "description": "",
            "id": "615zkbu",
            "integration_method": "POST",
            "integration_response_selection_expression": "",
            "integration_subtype": "",
            "integration_type": "AWS_PROXY",
            "integration_uri": "arn:aws:apigateway:us-east-1:lambda:path/2015-03-31/functions/arn:aws:lambda:us-east-1:818831377059:function:mlops-approve-model/invocations",
            "passthrough_behavior": "",
            "payload_format_version": "1.0",
            "region": "us-east-1",
            "request_parameters": {},
            "request_templates": {},
            "response_parameters": [],
            "template_selection_expression": "",
            "timeout_milliseconds": 30000,
            "tls_config": []
          },
          "sensitive_attributes": [],
          "identity_schema_version": 0,
          "private": "bnVsbA==",
          "dependencies": [
            "aws_apigatewayv2_api.approval_api",
            "aws_iam_role.lambda_exec_role",
            "aws_lambda_function.approve_model",
            "data.archive_file.approve_lambda_zip"
          ]
        }
      ]
    },
    {
      "mode": "managed",
      "type": "aws_apigatewayv2_route",
      "name": "approve_route",
      "provider": "provider[\"registry.terraform.io/hashicorp/aws\"]",
      "instances": [
        {
          "schema_version": 0,
          "attributes": {
            "api_id": "9jgh6yis64",
            "api_key_required": false,
            "authorization_scopes": [],
            "authorization_type": "NONE",
            "authorizer_id": "",
            "id": "dw015vj",
            "model_selection_expression": "",
            "operation_name": "",
            "region": "us-east-1",
            "request_models": {},
            "request_parameter": [],
            "route_key": "GET /approve",
            "route_response_selection_expression": "",
            "target": "integrations/615zkbu"
          },
          "sensitive_attributes": [],
          "identity_schema_version": 0,
          "private": "bnVsbA==",
          "dependencies": [
            "aws_apigatewayv2_api.approval_api",
            "aws_apigatewayv2_integration.approve_lambda",
            "aws_iam_role.lambda_exec_role",
            "aws_lambda_function.approve_model",
            "data.archive_file.approve_lambda_zip"
          ]
        }
      ]
    },
    {
      "mode": "managed",
      "type": "aws_apigatewayv2_route",
      "name": "reject_route",
      "provider": "provider[\"registry.terraform.io/hashicorp/aws\"]",
      "instances": [
        {
          "schema_version": 0,
          "attributes": {
            "api_id": "9jgh6yis64",
            "api_key_required": false,
            "authorization_scopes": [],
            "authorization_type": "NONE",
            "authorizer_id": "",
            "id": "t58dmdo",
            "model_selection_expression": "",
            "operation_name": "",
            "region": "us-east-1",
            "request_models": {},
            "request_parameter": [],
            "route_key": "GET /reject",
            "route_response_selection_expression": "",
            "target": "integrations/615zkbu"
          },
          "sensitive_attributes": [],
          "identity_schema_version": 0,
          "private": "bnVsbA==",
          "dependencies": [
            "aws_apigatewayv2_api.approval_api",
            "aws_apigatewayv2_integration.approve_lambda",
            "aws_iam_role.lambda_exec_role",
            "aws_lambda_function.approve_model",
            "data.archive_file.approve_lambda_zip"
          ]
        }
      ]
    },
    {
      "mode": "managed",
      "type": "aws_apigatewayv2_stage",
      "name": "prod",
      "provider": "provider[\"registry.terraform.io/hashicorp/aws\"]",
      "instances": [
        {
          "schema_version": 0,
          "attributes": {
            "access_log_settings": [],
            "api_id": "9jgh6yis64",
            "arn": "arn:aws:apigateway:us-east-1::/apis/9jgh6yis64/stages/prod",
            "auto_deploy": true,
            "client_certificate_id": "",
            "default_route_settings": [
              {
                "data_trace_enabled": false,
                "detailed_metrics_enabled": false,
                "logging_level": "",
                "throttling_burst_limit": 0,
                "throttling_rate_limit": 0
              }
            ],
            "deployment_id": "qvqra8",
            "description": "",
            "execution_arn": "arn:aws:execute-api:us-east-1:818831377059:9jgh6yis64/prod",
            "id": "prod",
            "invoke_url": "https://9jgh6yis64.execute-api.us-east-1.amazonaws.com/prod",
            "name": "prod",
            "region": "us-east-1",
            "route_settings": [],
            "stage_variables": {},
            "tags": {},
            "tags_all": {}
          },
          "sensitive_attributes": [],
          "identity_schema_version": 0,
          "private": "bnVsbA==",
          "dependencies": [
            "aws_apigatewayv2_api.approval_api"
          ]
        }
      ]
    },
    {
      "mode": "managed",
      "type": "aws_cloudwatch_event_rule",
      "name": "model_registered",
      "provider": "provider[\"registry.terraform.io/hashicorp/aws\"]",
      "instances": [
        {
          "schema_version": 1,
          "attributes": {
            "arn": "arn:aws:events:us-east-1:818831377059:rule/model-registered-rule",
            "description": "",
            "event_bus_name": "default",
            "event_pattern": "{\"detail\":{\"ModelApprovalStatus\":[\"PendingManualApproval\"],\"ModelPackageGroupName\":[\"NYCTaxiFareModels\"]},\"detail-type\":[\"SageMaker Model Package State Change\"],\"source\":[\"aws.sagemaker\"]}",
            "force_destroy": false,
            "id": "model-registered-rule",
            "is_enabled": true,
            "name": "model-registered-rule",
            "name_prefix": "",
            "region": "us-east-1",
            "role_arn": "",
            "schedule_expression": "",
            "state": "ENABLED",
            "tags": {},
            "tags_all": {}
          },
          "sensitive_attributes": [],
          "identity_schema_version": 0,
          "identity": {
            "account_id": "818831377059",
            "name": "model-registered-rule",
            "region": "us-east-1"
          },
          "private": "eyJzY2hlbWFfdmVyc2lvbiI6IjEifQ=="
        }
      ]
    },
    {
      "mode": "managed",
      "type": "aws_cloudwatch_event_rule",
      "name": "pipeline_failed",
      "provider": "provider[\"registry.terraform.io/hashicorp/aws\"]",
      "instances": [
        {
          "schema_version": 1,
          "attributes": {
            "arn": "arn:aws:events:us-east-1:818831377059:rule/pipeline-failed-rule",
            "description": "",
            "event_bus_name": "default",
            "event_pattern": "{\"detail\":{\"PipelineExecutionStatus\":[\"Failed\"]},\"detail-type\":[\"SageMaker Pipeline Execution Status Change\"],\"source\":[\"aws.sagemaker\"]}",
            "force_destroy": false,
            "id": "pipeline-failed-rule",
            "is_enabled": true,
            "name": "pipeline-failed-rule",
            "name_prefix": "",
            "region": "us-east-1",
            "role_arn": "",
            "schedule_expression": "",
            "state": "ENABLED",
            "tags": {},
            "tags_all": {}
          },
          "sensitive_attributes": [],
          "identity_schema_version": 0,
          "identity": {
            "account_id": "818831377059",
            "name": "pipeline-failed-rule",
            "region": "us-east-1"
          },
          "private": "eyJzY2hlbWFfdmVyc2lvbiI6IjEifQ=="
        }
      ]
    },
    {
      "mode": "managed",
      "type": "aws_cloudwatch_event_target",
      "name": "failure_target",
      "provider": "provider[\"registry.terraform.io/hashicorp/aws\"]",
      "instances": [
        {
          "schema_version": 1,
          "attributes": {
            "appsync_target": [],
            "arn": "arn:aws:lambda:us-east-1:818831377059:function:mlops-notify-model-status",
            "batch_target": [],
            "dead_letter_config": [],
            "ecs_target": [],
            "event_bus_name": "default",
            "force_destroy": false,
            "http_target": [],
            "id": "pipeline-failed-rule-terraform-20251228062442756000000002",
            "input": "",
            "input_path": "",
            "input_transformer": [],
            "kinesis_target": [],
            "redshift_target": [],
            "region": "us-east-1",
            "retry_policy": [],
            "role_arn": "",
            "rule": "pipeline-failed-rule",
            "run_command_targets": [],
            "sagemaker_pipeline_target": [],
            "sqs_target": [],
            "target_id": "terraform-20251228062442756000000002"
          },
          "sensitive_attributes": [],
          "identity_schema_version": 0,
          "identity": {
            "account_id": "818831377059",
            "event_bus_name": "default",
            "region": "us-east-1",
            "rule": "pipeline-failed-rule",
            "target_id": "terraform-20251228062442756000000002"
          },
          "private": "eyJzY2hlbWFfdmVyc2lvbiI6IjEifQ==",
          "dependencies": [
            "aws_apigatewayv2_api.approval_api",
            "aws_cloudwatch_event_rule.pipeline_failed",
            "aws_iam_role.lambda_exec_role",
            "aws_lambda_function.notify_model_status",
            "aws_sns_topic.mlops_notifications",
            "data.archive_file.notify_lambda_zip"
          ]
        }
      ]
    },
    {
      "mode": "managed",
      "type": "aws_cloudwatch_event_target",
      "name": "success_target",
      "provider": "provider[\"registry.terraform.io/hashicorp/aws\"]",
      "instances": [
        {
          "schema_version": 1,
          "attributes": {
            "appsync_target": [],
            "arn": "arn:aws:lambda:us-east-1:818831377059:function:mlops-notify-model-status",
            "batch_target": [],
            "dead_letter_config": [],
            "ecs_target": [],
            "event_bus_name": "default",
            "force_destroy": false,
            "http_target": [],
            "id": "model-registered-rule-terraform-20251228062442754800000001",
            "input": "",
            "input_path": "",
            "input_transformer": [],
            "kinesis_target": [],
            "redshift_target": [],
            "region": "us-east-1",
            "retry_policy": [],
            "role_arn": "",
            "rule": "model-registered-rule",
            "run_command_targets": [],
            "sagemaker_pipeline_target": [],
            "sqs_target": [],
            "target_id": "terraform-20251228062442754800000001"
          },
          "sensitive_attributes": [],
          "identity_schema_version": 0,
          "identity": {
            "account_id": "818831377059",
            "event_bus_name": "default",
            "region": "us-east-1",
            "rule": "model-registered-rule",
            "target_id": "terraform-20251228062442754800000001"
          },
          "private": "eyJzY2hlbWFfdmVyc2lvbiI6IjEifQ==",
          "dependencies": [
            "aws_apigatewayv2_api.approval_api",
            "aws_cloudwatch_event_rule.model_registered",
            "aws_iam_role.lambda_exec_role",
            "aws_lambda_function.notify_model_status",
            "aws_sns_topic.mlops_notifications",
            "data.archive_file.notify_lambda_zip"
          ]
        }
      ]
    },
    {
      "mode": "managed",
      "type": "aws_iam_policy",
      "name": "s3_access_policy",
      "provider": "provider[\"registry.terraform.io/hashicorp/aws\"]",
      "instances": [
        {
          "schema_version": 0,
          "attributes": {
            "arn": "arn:aws:iam::818831377059:policy/sagemaker_s3_access_policy",
            "attachment_count": 2,
            "description": "",
            "id": "arn:aws:iam::818831377059:policy/sagemaker_s3_access_policy",
            "name": "sagemaker_s3_access_policy",
            "name_prefix": "",
            "path": "/",
            "policy": "{\"Statement\":[{\"Action\":[\"s3:GetObject\",\"s3:PutObject\",\"s3:ListBucket\",\"s3:HeadObject\"],\"Effect\":\"Allow\",\"Resource\":[\"arn:aws:s3:::nyc-taxi-mlops-raw-data-818831377059\",\"arn:aws:s3:::nyc-taxi-mlops-raw-data-818831377059/*\",\"arn:aws:s3:::nyc-taxi-processed-818831377059\",\"arn:aws:s3:::nyc-taxi-processed-818831377059/*\"]}],\"Version\":\"2012-10-17\"}",
            "policy_id": "ANPA35JRHIKRSSD6UXMDO",
            "tags": {},
            "tags_all": {}
          },
          "sensitive_attributes": [],
          "identity_schema_version": 0,
          "identity": {
            "arn": "arn:aws:iam::818831377059:policy/sagemaker_s3_access_policy"
          },
          "private": "bnVsbA==",
          "dependencies": [
            "aws_s3_bucket.processed_bucket",
            "aws_s3_bucket.raw_bucket"
          ]
        }
      ]
    },
    {
      "mode": "managed",
      "type": "aws_iam_role",
      "name": "lambda_exec_role",
      "provider": "provider[\"registry.terraform.io/hashicorp/aws\"]",
      "instances": [
        {
          "schema_version": 0,
          "attributes": {
            "arn": "arn:aws:iam::818831377059:role/mlops-notify-lambda-role",
            "assume_role_policy": "{\"Statement\":[{\"Action\":\"sts:AssumeRole\",\"Effect\":\"Allow\",\"Principal\":{\"Service\":\"lambda.amazonaws.com\"}}],\"Version\":\"2012-10-17\"}",
            "create_date": "2025-12-28T06:03:05Z",
            "description": "",
            "force_detach_policies": false,
            "id": "mlops-notify-lambda-role",
            "inline_policy": [
              {
                "name": "terraform-20251228060309455700000001",
                "policy": "{\"Version\":\"2012-10-17\",\"Statement\":[{\"Action\":[\"logs:CreateLogGroup\",\"logs:CreateLogStream\",\"logs:PutLogEvents\"],\"Effect\":\"Allow\",\"Resource\":\"*\"},{\"Action\":[\"sns:Publish\"],\"Effect\":\"Allow\",\"Resource\":\"arn:aws:sns:us-east-1:818831377059:update_email_mlops\"},{\"Action\":[\"sagemaker:DescribeModelPackage\"],\"Effect\":\"Allow\",\"Resource\":\"*\"},{\"Action\":[\"s3:GetObject\"],\"Effect\":\"Allow\",\"Resource\":\"*\"}]}"
              }
            ],
            "managed_policy_arns": [],
            "max_session_duration": 3600,
            "name": "mlops-notify-lambda-role",
            "name_prefix": "",
            "path": "/",
            "permissions_boundary": "",
            "tags": {},
            "tags_all": {},
            "unique_id": "AROA35JRHIKRQZE5I6TZR"
          },
          "sensitive_attributes": [],
          "identity_schema_version": 0,
          "identity": {
            "account_id": "818831377059",
            "name": "mlops-notify-lambda-role"
          },
          "private": "bnVsbA=="
        }
      ]
    },
    {
      "mode": "managed",
      "type": "aws_iam_role",
      "name": "sagemaker_execution_role",
      "provider": "provider[\"registry.terraform.io/hashicorp/aws\"]",
      "instances": [
        {
          "schema_version": 0,
          "attributes": {
            "arn": "arn:aws:iam::818831377059:role/sagemaker_execution_role",
            "assume_role_policy": "{\"Statement\":[{\"Action\":\"sts:AssumeRole\",\"Effect\":\"Allow\",\"Principal\":{\"Service\":\"sagemaker.amazonaws.com\"}}],\"Version\":\"2012-10-17\"}",
            "create_date": "2025-12-21T07:54:49Z",
            "description": "",
            "force_detach_policies": false,
            "id": "sagemaker_execution_role",
            "inline_policy": [],
            "managed_policy_arns": [
              "arn:aws:iam::818831377059:policy/sagemaker_s3_access_policy"
            ],
            "max_session_duration": 3600,
            "name": "sagemaker_execution_role",
            "name_prefix": "",
            "path": "/",
            "permissions_boundary": "",
            "tags": {},
            "tags_all": {},
            "unique_id": "AROA35JRHIKR4KAPB2G72"
          },
          "sensitive_attributes": [],
          "identity_schema_version": 0,
          "identity": {
            "account_id": "818831377059",
            "name": "sagemaker_execution_role"
          },
          "private": "bnVsbA=="
        }
      ]
    },
    {
      "mode": "managed",
      "type": "aws_iam_role_policy",
      "name": "lambda_policy",
      "provider": "provider[\"registry.terraform.io/hashicorp/aws\"]",
      "instances": [
        {
          "schema_version": 0,
          "attributes": {
            "id": "mlops-notify-lambda-role:terraform-20251228060309455700000001",
            "name": "terraform-20251228060309455700000001",
            "name_prefix": "terraform-",
            "policy": "{\"Version\":\"2012-10-17\",\"Statement\":[{\"Action\":[\"logs:CreateLogGroup\",\"logs:CreateLogStream\",\"logs:PutLogEvents\"],\"Effect\":\"Allow\",\"Resource\":\"*\"},{\"Action\":[\"sns:Publish\"],\"Effect\":\"Allow\",\"Resource\":\"arn:aws:sns:us-east-1:818831377059:update_email_mlops\"},{\"Action\":[\"sagemaker:DescribeModelPackage\"],\"Effect\":\"Allow\",\"Resource\":\"*\"},{\"Action\":[\"s3:GetObject\"],\"Effect\":\"Allow\",\"Resource\":\"*\"}]}",
            "role": "mlops-notify-lambda-role"
          },
          "sensitive_attributes": [],
          "identity_schema_version": 0,
          "identity": {
            "account_id": "818831377059",
            "name": "terraform-20251228060309455700000001",
            "role": "mlops-notify-lambda-role"
          },
          "private": "bnVsbA==",
          "dependencies": [
            "aws_iam_role.lambda_exec_role",
            "aws_sns_topic.mlops_notifications"
          ]
        }
      ]
    },
    {
      "mode": "managed",
      "type": "aws_iam_role_policy_attachment",
      "name": "attach_s3_policy",
      "provider": "provider[\"registry.terraform.io/hashicorp/aws\"]",
      "instances": [
        {
          "schema_version": 0,
          "attributes": {
            "id": "sagemaker_execution_role/arn:aws:iam::818831377059:policy/sagemaker_s3_access_policy",
            "policy_arn": "arn:aws:iam::818831377059:policy/sagemaker_s3_access_policy",
            "role": "sagemaker_execution_role"
          },
          "sensitive_attributes": [],
          "identity_schema_version": 0,
          "identity": {
            "account_id": "818831377059",
            "policy_arn": "arn:aws:iam::818831377059:policy/sagemaker_s3_access_policy",
            "role": "sagemaker_execution_role"
          },
          "private": "bnVsbA==",
          "dependencies": [
            "aws_iam_policy.s3_access_policy",
            "aws_iam_role.sagemaker_execution_role",
            "aws_s3_bucket.processed_bucket",
            "aws_s3_bucket.raw_bucket"
          ]
        }
      ]
    },
    {
      "mode": "managed",
      "type": "aws_lambda_function",
      "name": "approve_model",
      "provider": "provider[\"registry.terraform.io/hashicorp/aws\"]",
      "instances": [
        {
          "schema_version": 0,
          "attributes": {
            "architectures": [
              "x86_64"
            ],
            "arn": "arn:aws:lambda:us-east-1:818831377059:function:mlops-approve-model",
            "capacity_provider_config": [],
            "code_sha256": "H4KbCN8mP1pty0blv+hC+abaapkMFkCuI8taLHl0gbI=",
            "code_signing_config_arn": "",
            "dead_letter_config": [],
            "description": "",
            "durable_config": [],
            "environment": [],
            "ephemeral_storage": [
              {
                "size": 512
              }
            ],
            "file_system_config": [],
            "filename": "./approve_model.zip",
            "function_name": "mlops-approve-model",
            "handler": "handler.lambda_handler",
            "id": "mlops-approve-model",
            "image_config": [],
            "image_uri": "",
            "invoke_arn": "arn:aws:apigateway:us-east-1:lambda:path/2015-03-31/functions/arn:aws:lambda:us-east-1:818831377059:function:mlops-approve-model/invocations",
            "kms_key_arn": "",
            "last_modified": "2025-12-28T07:42:31.028+0000",
            "layers": [],
            "logging_config": [
              {
                "application_log_level": "",
                "log_format": "Text",
                "log_group": "/aws/lambda/mlops-approve-model",
                "system_log_level": ""
              }
            ],
            "memory_size": 128,
            "package_type": "Zip",
            "publish": false,
            "publish_to": null,
            "qualified_arn": "arn:aws:lambda:us-east-1:818831377059:function:mlops-approve-model:$LATEST",
            "qualified_invoke_arn": "arn:aws:apigateway:us-east-1:lambda:path/2015-03-31/functions/arn:aws:lambda:us-east-1:818831377059:function:mlops-approve-model:$LATEST/invocations",
            "region": "us-east-1",
            "replace_security_groups_on_destroy": null,
            "replacement_security_group_ids": null,
            "reserved_concurrent_executions": -1,
            "role": "arn:aws:iam::818831377059:role/mlops-notify-lambda-role",
            "runtime": "python3.10",
            "s3_bucket": null,
            "s3_key": null,
            "s3_object_version": null,
            "signing_job_arn": "",
            "signing_profile_version_arn": "",
            "skip_destroy": false,
            "snap_start": [],
            "source_code_hash": "H4KbCN8mP1pty0blv+hC+abaapkMFkCuI8taLHl0gbI=",
            "source_code_size": 678,
            "source_kms_key_arn": "",
            "tags": {},
            "tags_all": {},
            "tenancy_config": [],
            "timeout": 3,
            "timeouts": null,
            "tracing_config": [
              {
                "mode": "PassThrough"
              }
            ],
            "version": "$LATEST",
            "vpc_config": []
          },
          "sensitive_attributes": [],
          "identity_schema_version": 0,
          "identity": {
            "account_id": "818831377059",
            "function_name": "mlops-approve-model",
            "region": "us-east-1"
          },
          "private": "eyJlMmJmYjczMC1lY2FhLTExZTYtOGY4OC0zNDM2M2JjN2M0YzAiOnsiY3JlYXRlIjo2MDAwMDAwMDAwMDAsImRlbGV0ZSI6NjAwMDAwMDAwMDAwLCJ1cGRhdGUiOjYwMDAwMDAwMDAwMH19",
          "dependencies": [
            "aws_iam_role.lambda_exec_role",
            "data.archive_file.approve_lambda_zip"
          ]
        }
      ]
    },
    {
      "mode": "managed",
      "type": "aws_lambda_function",
      "name": "notify_model_status",
      "provider": "provider[\"registry.terraform.io/hashicorp/aws\"]",
      "instances": [
        {
          "schema_version": 0,
          "attributes": {
            "architectures": [
              "x86_64"
            ],
            "arn": "arn:aws:lambda:us-east-1:818831377059:function:mlops-notify-model-status",
            "capacity_provider_config": [],
            "code_sha256": "tKZYLSKhawe5r7BGM8iWP1aPDp+iFkduYUP9cASqNWQ=",
            "code_signing_config_arn": "",
            "dead_letter_config": [],
            "description": "",
            "durable_config": [],
            "environment": [
              {
                "variables": {
                  "APPROVAL_API_BASE": "https://9jgh6yis64.execute-api.us-east-1.amazonaws.com/prod",
                  "SNS_TOPIC_ARN": "arn:aws:sns:us-east-1:818831377059:update_email_mlops"
                }
              }
            ],
            "ephemeral_storage": [
              {
                "size": 512
              }
            ],
            "file_system_config": [],
            "filename": "./notify_model_status.zip",
            "function_name": "mlops-notify-model-status",
            "handler": "handler.lambda_handler",
            "id": "mlops-notify-model-status",
            "image_config": [],
            "image_uri": "",
            "invoke_arn": "arn:aws:apigateway:us-east-1:lambda:path/2015-03-31/functions/arn:aws:lambda:us-east-1:818831377059:function:mlops-notify-model-status/invocations",
            "kms_key_arn": "",
            "last_modified": "2025-12-28T08:38:43.000+0000",
            "layers": [],
            "logging_config": [
              {
                "application_log_level": "",
                "log_format": "Text",
                "log_group": "/aws/lambda/mlops-notify-model-status",
                "system_log_level": ""
              }
            ],
            "memory_size": 128,
            "package_type": "Zip",
            "publish": false,
            "publish_to": null,
            "qualified_arn": "arn:aws:lambda:us-east-1:818831377059:function:mlops-notify-model-status:$LATEST",
            "qualified_invoke_arn": "arn:aws:apigateway:us-east-1:lambda:path/2015-03-31/functions/arn:aws:lambda:us-east-1:818831377059:function:mlops-notify-model-status:$LATEST/invocations",
            "region": "us-east-1",
            "replace_security_groups_on_destroy": null,
            "replacement_security_group_ids": null,
            "reserved_concurrent_executions": -1,
            "role": "arn:aws:iam::818831377059:role/mlops-notify-lambda-role",
            "runtime": "python3.10",
            "s3_bucket": null,
            "s3_key": null,
            "s3_object_version": null,
            "signing_job_arn": "",
            "signing_profile_version_arn": "",
            "skip_destroy": false,
            "snap_start": [],
            "source_code_hash": "tKZYLSKhawe5r7BGM8iWP1aPDp+iFkduYUP9cASqNWQ=",
            "source_code_size": 1379,
            "source_kms_key_arn": "",
            "tags": {},
            "tags_all": {},
            "tenancy_config": [],
            "timeout": 30,
            "timeouts": null,
            "tracing_config": [
              {
                "mode": "PassThrough"
              }
            ],
            "version": "$LATEST",
            "vpc_config": []
          },
          "sensitive_attributes": [],
          "identity_schema_version": 0,
          "identity": {
            "account_id": "818831377059",
            "function_name": "mlops-notify-model-status",
            "region": "us-east-1"
          },
          "private": "eyJlMmJmYjczMC1lY2FhLTExZTYtOGY4OC0zNDM2M2JjN2M0YzAiOnsiY3JlYXRlIjo2MDAwMDAwMDAwMDAsImRlbGV0ZSI6NjAwMDAwMDAwMDAwLCJ1cGRhdGUiOjYwMDAwMDAwMDAwMH19",
          "dependencies": [
            "aws_apigatewayv2_api.approval_api",
            "aws_iam_role.lambda_exec_role",
            "aws_sns_topic.mlops_notifications",
            "data.archive_file.notify_lambda_zip"
          ]
        }
      ]
    },
    {
      "mode": "managed",
      "type": "aws_lambda_function",
      "name": "trigger_deploy",
      "provider": "provider[\"registry.terraform.io/hashicorp/aws\"]",
      "instances": [
        {
          "schema_version": 0,
          "attributes": {
            "architectures": [
              "x86_64"
            ],
            "arn": "arn:aws:lambda:us-east-1:818831377059:function:mlops-trigger-deploy",
            "capacity_provider_config": [],
            "code_sha256": "N9KDIE8YezmvdJxGtswsSXwA/khrbZHfLlZgmv+jo/U=",
            "code_signing_config_arn": "",
            "dead_letter_config": [],
            "description": "",
            "durable_config": [],
            "environment": [
              {
                "variables": {
                  "DEPLOY_PIPELINE_NAME": "NYCTaxiDeployPipeline",
                  "ENDPOINT_NAME": "nyc-taxi-fare-endpoint"
                }
              }
            ],
            "ephemeral_storage": [
              {
                "size": 512
              }
            ],
            "file_system_config": [],
            "filename": "./trigger_deploy.zip",
            "function_name": "mlops-trigger-deploy",
            "handler": "handler.lambda_handler",
            "id": "mlops-trigger-deploy",
            "image_config": [],
            "image_uri": "",
            "invoke_arn": "arn:aws:apigateway:us-east-1:lambda:path/2015-03-31/functions/arn:aws:lambda:us-east-1:818831377059:function:mlops-trigger-deploy/invocations",
            "kms_key_arn": "",
            "last_modified": "2025-12-28T08:38:50.892+0000",
            "layers": null,
            "logging_config": [
              {
                "application_log_level": "",
                "log_format": "Text",
                "log_group": "/aws/lambda/mlops-trigger-deploy",
                "system_log_level": ""
              }
            ],
            "memory_size": 128,
            "package_type": "Zip",
            "publish": false,
            "publish_to": null,
            "qualified_arn": "arn:aws:lambda:us-east-1:818831377059:function:mlops-trigger-deploy:$LATEST",
            "qualified_invoke_arn": "arn:aws:apigateway:us-east-1:lambda:path/2015-03-31/functions/arn:aws:lambda:us-east-1:818831377059:function:mlops-trigger-deploy:$LATEST/invocations",
            "region": "us-east-1",
            "replace_security_groups_on_destroy": null,
            "replacement_security_group_ids": null,
            "reserved_concurrent_executions": -1,
            "role": "arn:aws:iam::818831377059:role/mlops-notify-lambda-role",
            "runtime": "python3.10",
            "s3_bucket": null,
            "s3_key": null,
            "s3_object_version": null,
            "signing_job_arn": "",
            "signing_profile_version_arn": "",
            "skip_destroy": false,
            "snap_start": [],
            "source_code_hash": "N9KDIE8YezmvdJxGtswsSXwA/khrbZHfLlZgmv+jo/U=",
            "source_code_size": 584,
            "source_kms_key_arn": "",
            "tags": null,
            "tags_all": {},
            "tenancy_config": [],
            "timeout": 3,
            "timeouts": null,
            "tracing_config": [
              {
                "mode": "PassThrough"
              }
            ],
            "version": "$LATEST",
            "vpc_config": []
          },
          "sensitive_attributes": [],
          "identity_schema_version": 0,
          "identity": {
            "account_id": "818831377059",
            "function_name": "mlops-trigger-deploy",
            "region": "us-east-1"
          },
          "private": "eyJlMmJmYjczMC1lY2FhLTExZTYtOGY4OC0zNDM2M2JjN2M0YzAiOnsiY3JlYXRlIjo2MDAwMDAwMDAwMDAsImRlbGV0ZSI6NjAwMDAwMDAwMDAwLCJ1cGRhdGUiOjYwMDAwMDAwMDAwMH19",
          "dependencies": [
            "aws_iam_role.lambda_exec_role",
            "data.archive_file.deploy_lambda_zip"
          ]
        }
      ]
    },
    {
      "mode": "managed",
      "type": "aws_lambda_permission",
      "name": "allow_api_gateway",
      "provider": "provider[\"registry.terraform.io/hashicorp/aws\"]",
      "instances": [
        {
          "schema_version": 0,
          "attributes": {
            "action": "lambda:InvokeFunction",
            "event_source_token": null,
            "function_name": "mlops-approve-model",
            "function_url_auth_type": null,
            "id": "AllowApiGatewayInvoke",
            "principal": "apigateway.amazonaws.com",
            "principal_org_id": null,
            "qualifier": "",
            "region": "us-east-1",
            "source_account": null,
            "source_arn": "arn:aws:execute-api:us-east-1:818831377059:9jgh6yis64/*/*",
            "statement_id": "AllowApiGatewayInvoke",
            "statement_id_prefix": ""
          },
          "sensitive_attributes": [],
          "identity_schema_version": 0,
          "identity": {
            "account_id": "818831377059",
            "function_name": "mlops-approve-model",
            "qualifier": null,
            "region": "us-east-1",
            "statement_id": "AllowApiGatewayInvoke"
          },
          "private": "bnVsbA==",
          "dependencies": [
            "aws_apigatewayv2_api.approval_api",
            "aws_iam_role.lambda_exec_role",
            "aws_lambda_function.approve_model",
            "data.archive_file.approve_lambda_zip"
          ]
        }
      ]
    },
    {
      "mode": "managed",
      "type": "aws_lambda_permission",
      "name": "allow_eventbridge_model_registered",
      "provider": "provider[\"registry.terraform.io/hashicorp/aws\"]",
      "instances": [
        {
          "schema_version": 0,
          "attributes": {
            "action": "lambda:InvokeFunction",
            "event_source_token": null,
            "function_name": "mlops-notify-model-status",
            "function_url_auth_type": null,
            "id": "AllowEventBridgeModelRegistered",
            "principal": "events.amazonaws.com",
            "principal_org_id": null,
            "qualifier": "",
            "region": "us-east-1",
            "source_account": null,
            "source_arn": "arn:aws:events:us-east-1:818831377059:rule/model-registered-rule",
            "statement_id": "AllowEventBridgeModelRegistered",
            "statement_id_prefix": ""
          },
          "sensitive_attributes": [],
          "identity_schema_version": 0,
          "identity": {
            "account_id": "818831377059",
            "function_name": "mlops-notify-model-status",
            "qualifier": null,
            "region": "us-east-1",
            "statement_id": "AllowEventBridgeModelRegistered"
          },
          "private": "bnVsbA==",
          "dependencies": [
            "aws_apigatewayv2_api.approval_api",
            "aws_cloudwatch_event_rule.model_registered",
            "aws_iam_role.lambda_exec_role",
            "aws_lambda_function.notify_model_status",
            "aws_sns_topic.mlops_notifications",
            "data.archive_file.notify_lambda_zip"
          ]
        }
      ]
    },
    {
      "mode": "managed",
      "type": "aws_lambda_permission",
      "name": "allow_eventbridge_pipeline_failed",
      "provider": "provider[\"registry.terraform.io/hashicorp/aws\"]",
      "instances": [
        {
          "schema_version": 0,
          "attributes": {
            "action": "lambda:InvokeFunction",
            "event_source_token": null,
            "function_name": "mlops-notify-model-status",
            "function_url_auth_type": null,
            "id": "AllowEventBridgePipelineFailed",
            "principal": "events.amazonaws.com",
            "principal_org_id": null,
            "qualifier": "",
            "region": "us-east-1",
            "source_account": null,
            "source_arn": "arn:aws:events:us-east-1:818831377059:rule/pipeline-failed-rule",
            "statement_id": "AllowEventBridgePipelineFailed",
            "statement_id_prefix": ""
          },
          "sensitive_attributes": [],
          "identity_schema_version": 0,
          "identity": {
            "account_id": "818831377059",
            "function_name": "mlops-notify-model-status",
            "qualifier": null,
            "region": "us-east-1",
            "statement_id": "AllowEventBridgePipelineFailed"
          },
          "private": "bnVsbA==",
          "dependencies": [
            "aws_apigatewayv2_api.approval_api",
            "aws_cloudwatch_event_rule.pipeline_failed",
            "aws_iam_role.lambda_exec_role",
            "aws_lambda_function.notify_model_status",
            "aws_sns_topic.mlops_notifications",
            "data.archive_file.notify_lambda_zip"
          ]
        }
      ]
    },
    {
      "mode": "managed",
      "type": "aws_s3_bucket",
      "name": "processed_bucket",
      "provider": "provider[\"registry.terraform.io/hashicorp/aws\"]",
      "instances": [
        {
          "schema_version": 0,
          "attributes": {
            "acceleration_status": "",
            "acl": null,
            "arn": "arn:aws:s3:::nyc-taxi-processed-818831377059",
            "bucket": "nyc-taxi-processed-818831377059",
            "bucket_domain_name": "nyc-taxi-processed-818831377059.s3.amazonaws.com",
            "bucket_prefix": "",
            "bucket_region": "us-east-1",
            "bucket_regional_domain_name": "nyc-taxi-processed-818831377059.s3.us-east-1.amazonaws.com",
            "cors_rule": [],
            "force_destroy": false,
            "grant": [
              {
                "id": "5643df80d0389831efb93d1682b8f54ff005cd910255316b2e99062d3651b53e",
                "permissions": [
                  "FULL_CONTROL"
                ],
                "type": "CanonicalUser",
                "uri": ""
              }
            ],
            "hosted_zone_id": "Z3AQBSTGFYJSTF",
            "id": "nyc-taxi-processed-818831377059",
            "lifecycle_rule": [],
            "logging": [],
            "object_lock_configuration": [],
            "object_lock_enabled": false,
            "policy": "",
            "region": "us-east-1",
            "replication_configuration": [],
            "request_payer": "BucketOwner",
            "server_side_encryption_configuration": [
              {
                "rule": [
                  {
                    "apply_server_side_encryption_by_default": [
                      {
                        "kms_master_key_id": "",
                        "sse_algorithm": "AES256"
                      }
                    ],
                    "bucket_key_enabled": false
                  }
                ]
              }
            ],
            "tags": {},
            "tags_all": {},
            "timeouts": null,
            "versioning": [
              {
                "enabled": false,
                "mfa_delete": false
              }
            ],
            "website": [],
            "website_domain": null,
            "website_endpoint": null
          },
          "sensitive_attributes": [],
          "identity_schema_version": 0,
          "identity": {
            "account_id": "818831377059",
            "bucket": "nyc-taxi-processed-818831377059",
            "region": "us-east-1"
          },
          "private": "eyJlMmJmYjczMC1lY2FhLTExZTYtOGY4OC0zNDM2M2JjN2M0YzAiOnsiY3JlYXRlIjoxMjAwMDAwMDAwMDAwLCJkZWxldGUiOjM2MDAwMDAwMDAwMDAsInJlYWQiOjEyMDAwMDAwMDAwMDAsInVwZGF0ZSI6MTIwMDAwMDAwMDAwMH19"
        }
      ]
    },
    {
      "mode": "managed",
      "type": "aws_s3_bucket",
      "name": "raw_bucket",
      "provider": "provider[\"registry.terraform.io/hashicorp/aws\"]",
      "instances": [
        {
          "schema_version": 0,
          "attributes": {
            "acceleration_status": "",
            "acl": null,
            "arn": "arn:aws:s3:::nyc-taxi-mlops-raw-data-818831377059",
            "bucket": "nyc-taxi-mlops-raw-data-818831377059",
            "bucket_domain_name": "nyc-taxi-mlops-raw-data-818831377059.s3.amazonaws.com",
            "bucket_prefix": "",
            "bucket_region": "us-east-1",
            "bucket_regional_domain_name": "nyc-taxi-mlops-raw-data-818831377059.s3.us-east-1.amazonaws.com",
            "cors_rule": [],
            "force_destroy": false,
            "grant": [
              {
                "id": "5643df80d0389831efb93d1682b8f54ff005cd910255316b2e99062d3651b53e",
                "permissions": [
                  "FULL_CONTROL"
                ],
                "type": "CanonicalUser",
                "uri": ""
              }
            ],
            "hosted_zone_id": "Z3AQBSTGFYJSTF",
            "id": "nyc-taxi-mlops-raw-data-818831377059",
            "lifecycle_rule": [],
            "logging": [],
            "object_lock_configuration": [],
            "object_lock_enabled": false,
            "policy": "",
            "region": "us-east-1",
            "replication_configuration": [],
            "request_payer": "BucketOwner",
            "server_side_encryption_configuration": [
              {
                "rule": [
                  {
                    "apply_server_side_encryption_by_default": [
                      {
                        "kms_master_key_id": "",
                        "sse_algorithm": "AES256"
                      }
                    ],
                    "bucket_key_enabled": false
                  }
                ]
              }
            ],
            "tags": {},
            "tags_all": {},
            "timeouts": null,
            "versioning": [
              {
                "enabled": false,
                "mfa_delete": false
              }
            ],
            "website": [],
            "website_domain": null,
            "website_endpoint": null
          },
          "sensitive_attributes": [],
          "identity_schema_version": 0,
          "identity": {
            "account_id": "818831377059",
            "bucket": "nyc-taxi-mlops-raw-data-818831377059",
            "region": "us-east-1"
          },
          "private": "eyJlMmJmYjczMC1lY2FhLTExZTYtOGY4OC0zNDM2M2JjN2M0YzAiOnsiY3JlYXRlIjoxMjAwMDAwMDAwMDAwLCJkZWxldGUiOjM2MDAwMDAwMDAwMDAsInJlYWQiOjEyMDAwMDAwMDAwMDAsInVwZGF0ZSI6MTIwMDAwMDAwMDAwMH19"
        }
      ]
    },
    {
      "mode": "managed",
      "type": "aws_sns_topic",
      "name": "mlops_notifications",
      "provider": "provider[\"registry.terraform.io/hashicorp/aws\"]",
      "instances": [
        {
          "schema_version": 0,
          "attributes": {
            "application_failure_feedback_role_arn": "",
            "application_success_feedback_role_arn": "",
            "application_success_feedback_sample_rate": 0,
            "archive_policy": "",
            "arn": "arn:aws:sns:us-east-1:818831377059:update_email_mlops",
            "beginning_archive_time": "",
            "content_based_deduplication": false,
            "delivery_policy": "",
            "display_name": "",
            "fifo_throughput_scope": "",
            "fifo_topic": false,
            "firehose_failure_feedback_role_arn": "",
            "firehose_success_feedback_role_arn": "",
            "firehose_success_feedback_sample_rate": 0,
            "http_failure_feedback_role_arn": "",
            "http_success_feedback_role_arn": "",
            "http_success_feedback_sample_rate": 0,
            "id": "arn:aws:sns:us-east-1:818831377059:update_email_mlops",
            "kms_master_key_id": "",
            "lambda_failure_feedback_role_arn": "",
            "lambda_success_feedback_role_arn": "",
            "lambda_success_feedback_sample_rate": 0,
            "name": "update_email_mlops",
            "name_prefix": "",
            "owner": "818831377059",
            "policy": "{\"Id\":\"__default_policy_ID\",\"Statement\":[{\"Action\":[\"SNS:Publish\",\"SNS:RemovePermission\",\"SNS:SetTopicAttributes\",\"SNS:DeleteTopic\",\"SNS:ListSubscriptionsByTopic\",\"SNS:GetTopicAttributes\",\"SNS:AddPermission\",\"SNS:Subscribe\"],\"Condition\":{\"StringEquals\":{\"AWS:SourceAccount\":\"818831377059\"}},\"Effect\":\"Allow\",\"Principal\":{\"AWS\":\"*\"},\"Resource\":\"arn:aws:sns:us-east-1:818831377059:update_email_mlops\",\"Sid\":\"__default_statement_ID\"}],\"Version\":\"2008-10-17\"}",
            "region": "us-east-1",
            "signature_version": 0,
            "sqs_failure_feedback_role_arn": "",
            "sqs_success_feedback_role_arn": "",
            "sqs_success_feedback_sample_rate": 0,
            "tags": {},
            "tags_all": {},
            "tracing_config": "PassThrough"
          },
          "sensitive_attributes": [],
          "identity_schema_version": 0,
          "identity": {
            "arn": "arn:aws:sns:us-east-1:818831377059:update_email_mlops"
          },
          "private": "bnVsbA=="
        }
      ]
    }
  ],
  "check_results": null
}
